// !$*UTF8*$!
{
	archiveVersion = 1;
	classes = {
	};
	objectVersion = 56;
	objects = {

/* Begin PBXBuildFile section */
		0912040A296DAA69002FCB09 /* FirstView.swift in Sources */ = {isa = PBXBuildFile; fileRef = 09120409296DAA69002FCB09 /* FirstView.swift */; };
		091CAFC1296C3137004A4BBD /* Localizable.strings in Resources */ = {isa = PBXBuildFile; fileRef = 091CAFC3296C3137004A4BBD /* Localizable.strings */; };
		091CAFC9296C49FE004A4BBD /* Object.swift in Sources */ = {isa = PBXBuildFile; fileRef = 091CAFC8296C49FE004A4BBD /* Object.swift */; };
		091CAFCB296C4A28004A4BBD /* GameViewModel.swift in Sources */ = {isa = PBXBuildFile; fileRef = 091CAFCA296C4A28004A4BBD /* GameViewModel.swift */; };
		091CAFCD296C4A68004A4BBD /* ObjectsView.swift in Sources */ = {isa = PBXBuildFile; fileRef = 091CAFCC296C4A68004A4BBD /* ObjectsView.swift */; };
		091CAFCF296C4A96004A4BBD /* DraggableColor.swift in Sources */ = {isa = PBXBuildFile; fileRef = 091CAFCE296C4A96004A4BBD /* DraggableColor.swift */; };
		091CAFD1296C4AAD004A4BBD /* ObjectContainer.swift in Sources */ = {isa = PBXBuildFile; fileRef = 091CAFD0296C4AAD004A4BBD /* ObjectContainer.swift */; };
		09279B85296F303800DE4B1B /* ParticelsView.swift in Sources */ = {isa = PBXBuildFile; fileRef = 09279B84296F303800DE4B1B /* ParticelsView.swift */; };
		09279B87296F30A000DE4B1B /* ParticlesEmitter.swift in Sources */ = {isa = PBXBuildFile; fileRef = 09279B86296F30A000DE4B1B /* ParticlesEmitter.swift */; };
		09279B89296F426100DE4B1B /* Emitters.swift in Sources */ = {isa = PBXBuildFile; fileRef = 09279B88296F426100DE4B1B /* Emitters.swift */; };
		092B3B1E296AE86E001E29F0 /* HueHunterApp.swift in Sources */ = {isa = PBXBuildFile; fileRef = 092B3B1D296AE86E001E29F0 /* HueHunterApp.swift */; };
		092B3B22296AE86F001E29F0 /* Assets.xcassets in Resources */ = {isa = PBXBuildFile; fileRef = 092B3B21296AE86F001E29F0 /* Assets.xcassets */; };
		092B3B25296AE86F001E29F0 /* Preview Assets.xcassets in Resources */ = {isa = PBXBuildFile; fileRef = 092B3B24296AE86F001E29F0 /* Preview Assets.xcassets */; };
/* End PBXBuildFile section */

/* Begin PBXFileReference section */
		09120409296DAA69002FCB09 /* FirstView.swift */ = {isa = PBXFileReference; lastKnownFileType = sourcecode.swift; path = FirstView.swift; sourceTree = "<group>"; };
		091CAFC2296C3137004A4BBD /* en */ = {isa = PBXFileReference; lastKnownFileType = text.plist.strings; name = en; path = en.lproj/Localizable.strings; sourceTree = "<group>"; };
		091CAFC4296C3144004A4BBD /* ar */ = {isa = PBXFileReference; lastKnownFileType = text.plist.strings; name = ar; path = ar.lproj/Localizable.strings; sourceTree = "<group>"; };
		091CAFC8296C49FE004A4BBD /* Object.swift */ = {isa = PBXFileReference; lastKnownFileType = sourcecode.swift; path = Object.swift; sourceTree = "<group>"; };
		091CAFCA296C4A28004A4BBD /* GameViewModel.swift */ = {isa = PBXFileReference; lastKnownFileType = sourcecode.swift; path = GameViewModel.swift; sourceTree = "<group>"; };
		091CAFCC296C4A68004A4BBD /* ObjectsView.swift */ = {isa = PBXFileReference; lastKnownFileType = sourcecode.swift; path = ObjectsView.swift; sourceTree = "<group>"; };
		091CAFCE296C4A96004A4BBD /* DraggableColor.swift */ = {isa = PBXFileReference; lastKnownFileType = sourcecode.swift; path = DraggableColor.swift; sourceTree = "<group>"; };
		091CAFD0296C4AAD004A4BBD /* ObjectContainer.swift */ = {isa = PBXFileReference; lastKnownFileType = sourcecode.swift; path = ObjectContainer.swift; sourceTree = "<group>"; };
		09279B84296F303800DE4B1B /* ParticelsView.swift */ = {isa = PBXFileReference; lastKnownFileType = sourcecode.swift; path = ParticelsView.swift; sourceTree = "<group>"; };
		09279B86296F30A000DE4B1B /* ParticlesEmitter.swift */ = {isa = PBXFileReference; lastKnownFileType = sourcecode.swift; path = ParticlesEmitter.swift; sourceTree = "<group>"; };
		09279B88296F426100DE4B1B /* Emitters.swift */ = {isa = PBXFileReference; lastKnownFileType = sourcecode.swift; path = Emitters.swift; sourceTree = "<group>"; };
		092B3B1A296AE86E001E29F0 /* HueHunter.app */ = {isa = PBXFileReference; explicitFileType = wrapper.application; includeInIndex = 0; path = HueHunter.app; sourceTree = BUILT_PRODUCTS_DIR; };
		092B3B1D296AE86E001E29F0 /* HueHunterApp.swift */ = {isa = PBXFileReference; lastKnownFileType = sourcecode.swift; path = HueHunterApp.swift; sourceTree = "<group>"; };
		092B3B21296AE86F001E29F0 /* Assets.xcassets */ = {isa = PBXFileReference; lastKnownFileType = folder.assetcatalog; path = Assets.xcassets; sourceTree = "<group>"; };
		092B3B24296AE86F001E29F0 /* Preview Assets.xcassets */ = {isa = PBXFileReference; lastKnownFileType = folder.assetcatalog; path = "Preview Assets.xcassets"; sourceTree = "<group>"; };
/* End PBXFileReference section */

/* Begin PBXFrameworksBuildPhase section */
		092B3B17296AE86E001E29F0 /* Frameworks */ = {
			isa = PBXFrameworksBuildPhase;
			buildActionMask = 2147483647;
			files = (
			);
			runOnlyForDeploymentPostprocessing = 0;
		};
/* End PBXFrameworksBuildPhase section */

/* Begin PBXGroup section */
		091CAFC5296C49CC004A4BBD /* Model */ = {
			isa = PBXGroup;
			children = (
				091CAFC8296C49FE004A4BBD /* Object.swift */,
				09279B88296F426100DE4B1B /* Emitters.swift */,
			);
			path = Model;
			sourceTree = "<group>";
		};
		091CAFC6296C49D6004A4BBD /* ViewModel */ = {
			isa = PBXGroup;
			children = (
				091CAFCA296C4A28004A4BBD /* GameViewModel.swift */,
				09279B86296F30A000DE4B1B /* ParticlesEmitter.swift */,
			);
			path = ViewModel;
			sourceTree = "<group>";
		};
		091CAFC7296C49DF004A4BBD /* Views */ = {
			isa = PBXGroup;
			children = (
				091CAFCC296C4A68004A4BBD /* ObjectsView.swift */,
				091CAFCE296C4A96004A4BBD /* DraggableColor.swift */,
				091CAFD0296C4AAD004A4BBD /* ObjectContainer.swift */,
				09120409296DAA69002FCB09 /* FirstView.swift */,
				09279B84296F303800DE4B1B /* ParticelsView.swift */,
			);
			path = Views;
			sourceTree = "<group>";
		};
		092B3B11296AE86E001E29F0 = {
			isa = PBXGroup;
			children = (
				091CAFC3296C3137004A4BBD /* Localizable.strings */,
				092B3B1C296AE86E001E29F0 /* HueHunter */,
				092B3B1B296AE86E001E29F0 /* Products */,
			);
			sourceTree = "<group>";
		};
		092B3B1B296AE86E001E29F0 /* Products */ = {
			isa = PBXGroup;
			children = (
				092B3B1A296AE86E001E29F0 /* HueHunter.app */,
			);
			name = Products;
			sourceTree = "<group>";
		};
		092B3B1C296AE86E001E29F0 /* HueHunter */ = {
			isa = PBXGroup;
			children = (
				091CAFC7296C49DF004A4BBD /* Views */,
				091CAFC6296C49D6004A4BBD /* ViewModel */,
				091CAFC5296C49CC004A4BBD /* Model */,
				092B3B1D296AE86E001E29F0 /* HueHunterApp.swift */,
				092B3B21296AE86F001E29F0 /* Assets.xcassets */,
				092B3B23296AE86F001E29F0 /* Preview Content */,
			);
			path = HueHunter;
			sourceTree = "<group>";
		};
		092B3B23296AE86F001E29F0 /* Preview Content */ = {
			isa = PBXGroup;
			children = (
				092B3B24296AE86F001E29F0 /* Preview Assets.xcassets */,
			);
			path = "Preview Content";
			sourceTree = "<group>";
		};
/* End PBXGroup section */

/* Begin PBXNativeTarget section */
		092B3B19296AE86E001E29F0 /* HueHunter */ = {
			isa = PBXNativeTarget;
			buildConfigurationList = 092B3B28296AE86F001E29F0 /* Build configuration list for PBXNativeTarget "HueHunter" */;
			buildPhases = (
				092B3B16296AE86E001E29F0 /* Sources */,
				092B3B17296AE86E001E29F0 /* Frameworks */,
				092B3B18296AE86E001E29F0 /* Resources */,
			);
			buildRules = (
			);
			dependencies = (
			);
			name = HueHunter;
			productName = HueHunter;
			productReference = 092B3B1A296AE86E001E29F0 /* HueHunter.app */;
			productType = "com.apple.product-type.application";
		};
/* End PBXNativeTarget section */

/* Begin PBXProject section */
		092B3B12296AE86E001E29F0 /* Project object */ = {
			isa = PBXProject;
			attributes = {
				BuildIndependentTargetsInParallel = 1;
				LastSwiftUpdateCheck = 1420;
				LastUpgradeCheck = 1420;
				TargetAttributes = {
					092B3B19296AE86E001E29F0 = {
						CreatedOnToolsVersion = 14.2;
					};
				};
			};
			buildConfigurationList = 092B3B15296AE86E001E29F0 /* Build configuration list for PBXProject "HueHunter" */;
			compatibilityVersion = "Xcode 14.0";
			developmentRegion = en;
			hasScannedForEncodings = 0;
			knownRegions = (
				en,
				ar,
				Base,
			);
			mainGroup = 092B3B11296AE86E001E29F0;
			productRefGroup = 092B3B1B296AE86E001E29F0 /* Products */;
			projectDirPath = "";
			projectRoot = "";
			targets = (
				092B3B19296AE86E001E29F0 /* HueHunter */,
			);
		};
/* End PBXProject section */

/* Begin PBXResourcesBuildPhase section */
		092B3B18296AE86E001E29F0 /* Resources */ = {
			isa = PBXResourcesBuildPhase;
			buildActionMask = 2147483647;
			files = (
				092B3B25296AE86F001E29F0 /* Preview Assets.xcassets in Resources */,
				091CAFC1296C3137004A4BBD /* Localizable.strings in Resources */,
				092B3B22296AE86F001E29F0 /* Assets.xcassets in Resources */,
			);
			runOnlyForDeploymentPostprocessing = 0;
		};
/* End PBXResourcesBuildPhase section */

/* Begin PBXSourcesBuildPhase section */
		092B3B16296AE86E001E29F0 /* Sources */ = {
			isa = PBXSourcesBuildPhase;
			buildActionMask = 2147483647;
			files = (
				0912040A296DAA69002FCB09 /* FirstView.swift in Sources */,
				091CAFCF296C4A96004A4BBD /* DraggableColor.swift in Sources */,
				09279B85296F303800DE4B1B /* ParticelsView.swift in Sources */,
				091CAFD1296C4AAD004A4BBD /* ObjectContainer.swift in Sources */,
				091CAFC9296C49FE004A4BBD /* Object.swift in Sources */,
				09279B89296F426100DE4B1B /* Emitters.swift in Sources */,
				09279B87296F30A000DE4B1B /* ParticlesEmitter.swift in Sources */,
				091CAFCB296C4A28004A4BBD /* GameViewModel.swift in Sources */,
				091CAFCD296C4A68004A4BBD /* ObjectsView.swift in Sources */,
				092B3B1E296AE86E001E29F0 /* HueHunterApp.swift in Sources */,
			);
			runOnlyForDeploymentPostprocessing = 0;
		};
/* End PBXSourcesBuildPhase section */

/* Begin PBXVariantGroup section */
		091CAFC3296C3137004A4BBD /* Localizable.strings */ = {
			isa = PBXVariantGroup;
			children = (
				091CAFC2296C3137004A4BBD /* en */,
				091CAFC4296C3144004A4BBD /* ar */,
			);
			name = Localizable.strings;
			sourceTree = "<group>";
		};
/* End PBXVariantGroup section */

/* Begin XCBuildConfiguration section */
		092B3B26296AE86F001E29F0 /* Debug */ = {
			isa = XCBuildConfiguration;
			buildSettings = {
				ALWAYS_SEARCH_USER_PATHS = NO;
				CLANG_ANALYZER_NONNULL = YES;
				CLANG_ANALYZER_NUMBER_OBJECT_CONVERSION = YES_AGGRESSIVE;
				CLANG_CXX_LANGUAGE_STANDARD = "gnu++20";
				CLANG_ENABLE_MODULES = YES;
				CLANG_ENABLE_OBJC_ARC = YES;
				CLANG_ENABLE_OBJC_WEAK = YES;
				CLANG_WARN_BLOCK_CAPTURE_AUTORELEASING = YES;
				CLANG_WARN_BOOL_CONVERSION = YES;
				CLANG_WARN_COMMA = YES;
				CLANG_WARN_CONSTANT_CONVERSION = YES;
				CLANG_WARN_DEPRECATED_OBJC_IMPLEMENTATIONS = YES;
				CLANG_WARN_DIRECT_OBJC_ISA_USAGE = YES_ERROR;
				CLANG_WARN_DOCUMENTATION_COMMENTS = YES;
				CLANG_WARN_EMPTY_BODY = YES;
				CLANG_WARN_ENUM_CONVERSION = YES;
				CLANG_WARN_INFINITE_RECURSION = YES;
				CLANG_WARN_INT_CONVERSION = YES;
				CLANG_WARN_NON_LITERAL_NULL_CONVERSION = YES;
				CLANG_WARN_OBJC_IMPLICIT_RETAIN_SELF = YES;
				CLANG_WARN_OBJC_LITERAL_CONVERSION = YES;
				CLANG_WARN_OBJC_ROOT_CLASS = YES_ERROR;
				CLANG_WARN_QUOTED_INCLUDE_IN_FRAMEWORK_HEADER = YES;
				CLANG_WARN_RANGE_LOOP_ANALYSIS = YES;
				CLANG_WARN_STRICT_PROTOTYPES = YES;
				CLANG_WARN_SUSPICIOUS_MOVE = YES;
				CLANG_WARN_UNGUARDED_AVAILABILITY = YES_AGGRESSIVE;
				CLANG_WARN_UNREACHABLE_CODE = YES;
				CLANG_WARN__DUPLICATE_METHOD_MATCH = YES;
				COPY_PHASE_STRIP = NO;
				DEBUG_INFORMATION_FORMAT = dwarf;
				ENABLE_STRICT_OBJC_MSGSEND = YES;
				ENABLE_TESTABILITY = YES;
				GCC_C_LANGUAGE_STANDARD = gnu11;
				GCC_DYNAMIC_NO_PIC = NO;
				GCC_NO_COMMON_BLOCKS = YES;
				GCC_OPTIMIZATION_LEVEL = 0;
				GCC_PREPROCESSOR_DEFINITIONS = (
					"DEBUG=1",
					"$(inherited)",
				);
				GCC_WARN_64_TO_32_BIT_CONVERSION = YES;
				GCC_WARN_ABOUT_RETURN_TYPE = YES_ERROR;
				GCC_WARN_UNDECLARED_SELECTOR = YES;
				GCC_WARN_UNINITIALIZED_AUTOS = YES_AGGRESSIVE;
				GCC_WARN_UNUSED_FUNCTION = YES;
				GCC_WARN_UNUSED_VARIABLE = YES;
				IPHONEOS_DEPLOYMENT_TARGET = 16.2;
				MTL_ENABLE_DEBUG_INFO = INCLUDE_SOURCE;
				MTL_FAST_MATH = YES;
				ONLY_ACTIVE_ARCH = YES;
				SDKROOT = iphoneos;
				SWIFT_ACTIVE_COMPILATION_CONDITIONS = DEBUG;
				SWIFT_OPTIMIZATION_LEVEL = "-Onone";
			};
			name = Debug;
		};
		092B3B27296AE86F001E29F0 /* Release */ = {
			isa = XCBuildConfiguration;
			buildSettings = {
				ALWAYS_SEARCH_USER_PATHS = NO;
				CLANG_ANALYZER_NONNULL = YES;
				CLANG_ANALYZER_NUMBER_OBJECT_CONVERSION = YES_AGGRESSIVE;
				CLANG_CXX_LANGUAGE_STANDARD = "gnu++20";
				CLANG_ENABLE_MODULES = YES;
				CLANG_ENABLE_OBJC_ARC = YES;
				CLANG_ENABLE_OBJC_WEAK = YES;
				CLANG_WARN_BLOCK_CAPTURE_AUTORELEASING = YES;
				CLANG_WARN_BOOL_CONVERSION = YES;
				CLANG_WARN_COMMA = YES;
				CLANG_WARN_CONSTANT_CONVERSION = YES;
				CLANG_WARN_DEPRECATED_OBJC_IMPLEMENTATIONS = YES;
				CLANG_WARN_DIRECT_OBJC_ISA_USAGE = YES_ERROR;
				CLANG_WARN_DOCUMENTATION_COMMENTS = YES;
				CLANG_WARN_EMPTY_BODY = YES;
				CLANG_WARN_ENUM_CONVERSION = YES;
				CLANG_WARN_INFINITE_RECURSION = YES;
				CLANG_WARN_INT_CONVERSION = YES;
				CLANG_WARN_NON_LITERAL_NULL_CONVERSION = YES;
				CLANG_WARN_OBJC_IMPLICIT_RETAIN_SELF = YES;
				CLANG_WARN_OBJC_LITERAL_CONVERSION = YES;
				CLANG_WARN_OBJC_ROOT_CLASS = YES_ERROR;
				CLANG_WARN_QUOTED_INCLUDE_IN_FRAMEWORK_HEADER = YES;
				CLANG_WARN_RANGE_LOOP_ANALYSIS = YES;
				CLANG_WARN_STRICT_PROTOTYPES = YES;
				CLANG_WARN_SUSPICIOUS_MOVE = YES;
				CLANG_WARN_UNGUARDED_AVAILABILITY = YES_AGGRESSIVE;
				CLANG_WARN_UNREACHABLE_CODE = YES;
				CLANG_WARN__DUPLICATE_METHOD_MATCH = YES;
				COPY_PHASE_STRIP = NO;
				DEBUG_INFORMATION_FORMAT = "dwarf-with-dsym";
				ENABLE_NS_ASSERTIONS = NO;
				ENABLE_STRICT_OBJC_MSGSEND = YES;
				GCC_C_LANGUAGE_STANDARD = gnu11;
				GCC_NO_COMMON_BLOCKS = YES;
				GCC_WARN_64_TO_32_BIT_CONVERSION = YES;
				GCC_WARN_ABOUT_RETURN_TYPE = YES_ERROR;
				GCC_WARN_UNDECLARED_SELECTOR = YES;
				GCC_WARN_UNINITIALIZED_AUTOS = YES_AGGRESSIVE;
				GCC_WARN_UNUSED_FUNCTION = YES;
				GCC_WARN_UNUSED_VARIABLE = YES;
				IPHONEOS_DEPLOYMENT_TARGET = 16.2;
				MTL_ENABLE_DEBUG_INFO = NO;
				MTL_FAST_MATH = YES;
				SDKROOT = iphoneos;
				SWIFT_COMPILATION_MODE = wholemodule;
				SWIFT_OPTIMIZATION_LEVEL = "-O";
				VALIDATE_PRODUCT = YES;
			};
			name = Release;
		};
		092B3B29296AE86F001E29F0 /* Debug */ = {
			isa = XCBuildConfiguration;
			buildSettings = {
				ASSETCATALOG_COMPILER_APPICON_NAME = AppIcon;
				ASSETCATALOG_COMPILER_GLOBAL_ACCENT_COLOR_NAME = AccentColor;
				CODE_SIGN_STYLE = Automatic;
				CURRENT_PROJECT_VERSION = 1;
				DEVELOPMENT_ASSET_PATHS = "\"HueHunter/Preview Content\"";
				DEVELOPMENT_TEAM = 2LVJ578ZR5;
				ENABLE_PREVIEWS = YES;
				GENERATE_INFOPLIST_FILE = YES;
				INFOPLIST_KEY_LSApplicationCategoryType = "public.app-category.educational-games";
				INFOPLIST_KEY_UIApplicationSceneManifest_Generation = YES;
				INFOPLIST_KEY_UIApplicationSupportsIndirectInputEvents = YES;
				INFOPLIST_KEY_UILaunchScreen_Generation = YES;
				INFOPLIST_KEY_UISupportedInterfaceOrientations = UIInterfaceOrientationPortrait;
				LD_RUNPATH_SEARCH_PATHS = (
					"$(inherited)",
					"@executable_path/Frameworks",
				);
				MARKETING_VERSION = 1.0;
				PRODUCT_BUNDLE_IDENTIFIER = demo.HueHunter;
				PRODUCT_NAME = "$(TARGET_NAME)";
				SWIFT_EMIT_LOC_STRINGS = YES;
				SWIFT_VERSION = 5.0;
				TARGETED_DEVICE_FAMILY = "1,2";
			};
			name = Debug;
		};
		092B3B2A296AE86F001E29F0 /* Release */ = {
			isa = XCBuildConfiguration;
			buildSettings = {
				ASSETCATALOG_COMPILER_APPICON_NAME = AppIcon;
				ASSETCATALOG_COMPILER_GLOBAL_ACCENT_COLOR_NAME = AccentColor;
				CODE_SIGN_STYLE = Automatic;
				CURRENT_PROJECT_VERSION = 1;
				DEVELOPMENT_ASSET_PATHS = "\"HueHunter/Preview Content\"";
				DEVELOPMENT_TEAM = 2LVJ578ZR5;
				ENABLE_PREVIEWS = YES;
				GENERATE_INFOPLIST_FILE = YES;
				INFOPLIST_KEY_LSApplicationCategoryType = "public.app-category.educational-games";
				INFOPLIST_KEY_UIApplicationSceneManifest_Generation = YES;
				INFOPLIST_KEY_UIApplicationSupportsIndirectInputEvents = YES;
				INFOPLIST_KEY_UILaunchScreen_Generation = YES;
				INFOPLIST_KEY_UISupportedInterfaceOrientations = UIInterfaceOrientationPortrait;
				LD_RUNPATH_SEARCH_PATHS = (
					"$(inherited)",
					"@executable_path/Frameworks",
				);
				MARKETING_VERSION = 1.0;
				PRODUCT_BUNDLE_IDENTIFIER = demo.HueHunter;
				PRODUCT_NAME = "$(TARGET_NAME)";
				SWIFT_EMIT_LOC_STRINGS = YES;
				SWIFT_VERSION = 5.0;
				TARGETED_DEVICE_FAMILY = "1,2";
			};
			name = Release;
		};
/* End XCBuildConfiguration section */

/* Begin XCConfigurationList section */
		092B3B15296AE86E001E29F0 /* Build configuration list for PBXProject "HueHunter" */ = {
			isa = XCConfigurationList;
			buildConfigurations = (
				092B3B26296AE86F001E29F0 /* Debug */,
				092B3B27296AE86F001E29F0 /* Release */,
			);
			defaultConfigurationIsVisible = 0;
			defaultConfigurationName = Release;
		};
		092B3B28296AE86F001E29F0 /* Build configuration list for PBXNativeTarget "HueHunter" */ = {
			isa = XCConfigurationList;
			buildConfigurations = (
				092B3B29296AE86F001E29F0 /* Debug */,
				092B3B2A296AE86F001E29F0 /* Release */,
			);
			defaultConfigurationIsVisible = 0;
			defaultConfigurationName = Release;
		};
/* End XCConfigurationList section */
	};
	rootObject = 092B3B12296AE86E001E29F0 /* Project object */;
}
